
Microsoft Visual Studio Solution File, Format Version 12.00
# Visual Studio Version 17
VisualStudioVersion = 17.0.31903.59
MinimumVisualStudioVersion = 10.0.40219.1
Project("{2150E333-8FDC-42A3-9474-1A3956D46DE8}") = "EnglishBySubtitle.Mvc", "EnglishBySubtitle.Mvc", "{4FBC6E93-0C2E-4876-9AA1-456EAED2F92B}"
EndProject
Project("{FAE04EC0-301F-11D3-BF4B-00C04F79EFBC}") = "EnglishBySubtitle.Mvc", "EnglishBySubtitle.Mvc\EnglishBySubtitle.Mvc.csproj", "{42B8EED8-3B8F-4813-A634-FF1C29E3F1F4}"
EndProject
Global
	GlobalSection(SolutionConfigurationPlatforms) = preSolution
		Debug|Any CPU = Debug|Any CPU
		Release|Any CPU = Release|Any CPU
	EndGlobalSection
	GlobalSection(ProjectConfigurationPlatforms) = postSolution
		{42B8EED8-3B8F-4813-A634-FF1C29E3F1F4}.Debug|Any CPU.ActiveCfg = Debug|Any CPU
		{42B8EED8-3B8F-4813-A634-FF1C29E3F1F4}.Debug|Any CPU.Build.0 = Debug|Any CPU
		{42B8EED8-3B8F-4813-A634-FF1C29E3F1F4}.Release|Any CPU.ActiveCfg = Release|Any CPU
		{42B8EED8-3B8F-4813-A634-FF1C29E3F1F4}.Release|Any CPU.Build.0 = Release|Any CPU
	EndGlobalSection
	GlobalSection(SolutionProperties) = preSolution
		HideSolutionNode = FALSE
	EndGlobalSection
	GlobalSection(NestedProjects) = preSolution
		{42B8EED8-3B8F-4813-A634-FF1C29E3F1F4} = {4FBC6E93-0C2E-4876-9AA1-456EAED2F92B}
	EndGlobalSection
	GlobalSection(ExtensibilityGlobals) = postSolution
		SolutionGuid = {8634CF76-660E-4B2A-B99C-8A1024C59A9C}
	EndGlobalSection
EndGlobal
